
Microsoft Visual Studio Solution File, Format Version 12.00
# Visual Studio Version 17
VisualStudioVersion = 17.0.31903.59
MinimumVisualStudioVersion = 10.0.40219.1
Project("{FAE04EC0-301F-11D3-BF4B-00C04F79EFBC}") = "Domain", "Domain\Domain.csproj", "{46556649-7E78-4BDD-A5B9-11B59504F85B}"
EndProject
Project("{FAE04EC0-301F-11D3-BF4B-00C04F79EFBC}") = "Application", "Application\Application.csproj", "{7D5B2392-A900-4EBA-8B44-DF8C1343C51A}"
EndProject
Project("{FAE04EC0-301F-11D3-BF4B-00C04F79EFBC}") = "Infrastructure", "Infrastructure\Infrastructure.csproj", "{59DBF276-3AA4-4551-8681-9EA33FBF2B4E}"
EndProject
Project("{FAE04EC0-301F-11D3-BF4B-00C04F79EFBC}") = "Presentation", "Presentation\Presentation.csproj", "{B402825B-2505-420A-9B8C-7BA8746602DD}"
EndProject
Global
	GlobalSection(SolutionConfigurationPlatforms) = preSolution
		Debug|Any CPU = Debug|Any CPU
		Debug|x64 = Debug|x64
		Debug|x86 = Debug|x86
		Release|Any CPU = Release|Any CPU
		Release|x64 = Release|x64
		Release|x86 = Release|x86
	EndGlobalSection
	GlobalSection(ProjectConfigurationPlatforms) = postSolution
		{46556649-7E78-4BDD-A5B9-11B59504F85B}.Debug|Any CPU.ActiveCfg = Debug|Any CPU
		{46556649-7E78-4BDD-A5B9-11B59504F85B}.Debug|Any CPU.Build.0 = Debug|Any CPU
		{46556649-7E78-4BDD-A5B9-11B59504F85B}.Debug|x64.ActiveCfg = Debug|Any CPU
		{46556649-7E78-4BDD-A5B9-11B59504F85B}.Debug|x64.Build.0 = Debug|Any CPU
		{46556649-7E78-4BDD-A5B9-11B59504F85B}.Debug|x86.ActiveCfg = Debug|Any CPU
		{46556649-7E78-4BDD-A5B9-11B59504F85B}.Debug|x86.Build.0 = Debug|Any CPU
		{46556649-7E78-4BDD-A5B9-11B59504F85B}.Release|Any CPU.ActiveCfg = Release|Any CPU
		{46556649-7E78-4BDD-A5B9-11B59504F85B}.Release|Any CPU.Build.0 = Release|Any CPU
		{46556649-7E78-4BDD-A5B9-11B59504F85B}.Release|x64.ActiveCfg = Release|Any CPU
		{46556649-7E78-4BDD-A5B9-11B59504F85B}.Release|x64.Build.0 = Release|Any CPU
		{46556649-7E78-4BDD-A5B9-11B59504F85B}.Release|x86.ActiveCfg = Release|Any CPU
		{46556649-7E78-4BDD-A5B9-11B59504F85B}.Release|x86.Build.0 = Release|Any CPU
		{7D5B2392-A900-4EBA-8B44-DF8C1343C51A}.Debug|Any CPU.ActiveCfg = Debug|Any CPU
		{7D5B2392-A900-4EBA-8B44-DF8C1343C51A}.Debug|Any CPU.Build.0 = Debug|Any CPU
		{7D5B2392-A900-4EBA-8B44-DF8C1343C51A}.Debug|x64.ActiveCfg = Debug|Any CPU
		{7D5B2392-A900-4EBA-8B44-DF8C1343C51A}.Debug|x64.Build.0 = Debug|Any CPU
		{7D5B2392-A900-4EBA-8B44-DF8C1343C51A}.Debug|x86.ActiveCfg = Debug|Any CPU
		{7D5B2392-A900-4EBA-8B44-DF8C1343C51A}.Debug|x86.Build.0 = Debug|Any CPU
		{7D5B2392-A900-4EBA-8B44-DF8C1343C51A}.Release|Any CPU.ActiveCfg = Release|Any CPU
		{7D5B2392-A900-4EBA-8B44-DF8C1343C51A}.Release|Any CPU.Build.0 = Release|Any CPU
		{7D5B2392-A900-4EBA-8B44-DF8C1343C51A}.Release|x64.ActiveCfg = Release|Any CPU
		{7D5B2392-A900-4EBA-8B44-DF8C1343C51A}.Release|x64.Build.0 = Release|Any CPU
		{7D5B2392-A900-4EBA-8B44-DF8C1343C51A}.Release|x86.ActiveCfg = Release|Any CPU
		{7D5B2392-A900-4EBA-8B44-DF8C1343C51A}.Release|x86.Build.0 = Release|Any CPU
		{59DBF276-3AA4-4551-8681-9EA33FBF2B4E}.Debug|Any CPU.ActiveCfg = Debug|Any CPU
		{59DBF276-3AA4-4551-8681-9EA33FBF2B4E}.Debug|Any CPU.Build.0 = Debug|Any CPU
		{59DBF276-3AA4-4551-8681-9EA33FBF2B4E}.Debug|x64.ActiveCfg = Debug|Any CPU
		{59DBF276-3AA4-4551-8681-9EA33FBF2B4E}.Debug|x64.Build.0 = Debug|Any CPU
		{59DBF276-3AA4-4551-8681-9EA33FBF2B4E}.Debug|x86.ActiveCfg = Debug|Any CPU
		{59DBF276-3AA4-4551-8681-9EA33FBF2B4E}.Debug|x86.Build.0 = Debug|Any CPU
		{59DBF276-3AA4-4551-8681-9EA33FBF2B4E}.Release|Any CPU.ActiveCfg = Release|Any CPU
		{59DBF276-3AA4-4551-8681-9EA33FBF2B4E}.Release|Any CPU.Build.0 = Release|Any CPU
		{59DBF276-3AA4-4551-8681-9EA33FBF2B4E}.Release|x64.ActiveCfg = Release|Any CPU
		{59DBF276-3AA4-4551-8681-9EA33FBF2B4E}.Release|x64.Build.0 = Release|Any CPU
		{59DBF276-3AA4-4551-8681-9EA33FBF2B4E}.Release|x86.ActiveCfg = Release|Any CPU
		{59DBF276-3AA4-4551-8681-9EA33FBF2B4E}.Release|x86.Build.0 = Release|Any CPU
		{B402825B-2505-420A-9B8C-7BA8746602DD}.Debug|Any CPU.ActiveCfg = Debug|Any CPU
		{B402825B-2505-420A-9B8C-7BA8746602DD}.Debug|Any CPU.Build.0 = Debug|Any CPU
		{B402825B-2505-420A-9B8C-7BA8746602DD}.Debug|x64.ActiveCfg = Debug|Any CPU
		{B402825B-2505-420A-9B8C-7BA8746602DD}.Debug|x64.Build.0 = Debug|Any CPU
		{B402825B-2505-420A-9B8C-7BA8746602DD}.Debug|x86.ActiveCfg = Debug|Any CPU
		{B402825B-2505-420A-9B8C-7BA8746602DD}.Debug|x86.Build.0 = Debug|Any CPU
		{B402825B-2505-420A-9B8C-7BA8746602DD}.Release|Any CPU.ActiveCfg = Release|Any CPU
		{B402825B-2505-420A-9B8C-7BA8746602DD}.Release|Any CPU.Build.0 = Release|Any CPU
		{B402825B-2505-420A-9B8C-7BA8746602DD}.Release|x64.ActiveCfg = Release|Any CPU
		{B402825B-2505-420A-9B8C-7BA8746602DD}.Release|x64.Build.0 = Release|Any CPU
		{B402825B-2505-420A-9B8C-7BA8746602DD}.Release|x86.ActiveCfg = Release|Any CPU
		{B402825B-2505-420A-9B8C-7BA8746602DD}.Release|x86.Build.0 = Release|Any CPU
	EndGlobalSection
	GlobalSection(SolutionProperties) = preSolution
		HideSolutionNode = FALSE
	EndGlobalSection
EndGlobal
